// !$*UTF8*$!
{
	archiveVersion = 1;
	classes = {
	};
	objectVersion = 55;
	objects = {

/* Begin PBXBuildFile section */
		ACB8C35F27A7EF3500BA68E4 /* AppDelegate.swift in Sources */ = {isa = PBXBuildFile; fileRef = ACB8C35E27A7EF3500BA68E4 /* AppDelegate.swift */; };
		ACB8C36127A7EF3500BA68E4 /* SceneDelegate.swift in Sources */ = {isa = PBXBuildFile; fileRef = ACB8C36027A7EF3500BA68E4 /* SceneDelegate.swift */; };
		ACB8C36327A7EF3500BA68E4 /* ViewController.swift in Sources */ = {isa = PBXBuildFile; fileRef = ACB8C36227A7EF3500BA68E4 /* ViewController.swift */; };
		ACB8C36627A7EF3500BA68E4 /* Main.storyboard in Resources */ = {isa = PBXBuildFile; fileRef = ACB8C36427A7EF3500BA68E4 /* Main.storyboard */; };
		ACB8C36827A7EF3600BA68E4 /* Assets.xcassets in Resources */ = {isa = PBXBuildFile; fileRef = ACB8C36727A7EF3600BA68E4 /* Assets.xcassets */; };
		ACB8C36B27A7EF3600BA68E4 /* LaunchScreen.storyboard in Resources */ = {isa = PBXBuildFile; fileRef = ACB8C36927A7EF3600BA68E4 /* LaunchScreen.storyboard */; };
		ACB8C37927A7EFA500BA68E4 /* MathCalculation_sdk.framework in Frameworks */ = {isa = PBXBuildFile; fileRef = ACB8C37727A7EF5300BA68E4 /* MathCalculation_sdk.framework */; platformFilter = ios; };
		ACB8C37A27A7EFA500BA68E4 /* MathCalculation_sdk.framework in Embed Frameworks */ = {isa = PBXBuildFile; fileRef = ACB8C37727A7EF5300BA68E4 /* MathCalculation_sdk.framework */; settings = {ATTRIBUTES = (CodeSignOnCopy, RemoveHeadersOnCopy, ); }; };
/* End PBXBuildFile section */

/* Begin PBXContainerItemProxy section */
		ACB8C37627A7EF5300BA68E4 /* PBXContainerItemProxy */ = {
			isa = PBXContainerItemProxy;
			containerPortal = ACB8C37227A7EF5300BA68E4 /* MathCalculation_sdk.xcodeproj */;
			proxyType = 2;
			remoteGlobalIDString = ACC9AA1727A7EB6300D0D834;
			remoteInfo = MathCalculation_sdk;
		};
/* End PBXContainerItemProxy section */

/* Begin PBXCopyFilesBuildPhase section */
		ACB8C37B27A7EFA500BA68E4 /* Embed Frameworks */ = {
			isa = PBXCopyFilesBuildPhase;
			buildActionMask = 2147483647;
			dstPath = "";
			dstSubfolderSpec = 10;
			files = (
				ACB8C37A27A7EFA500BA68E4 /* MathCalculation_sdk.framework in Embed Frameworks */,
			);
			name = "Embed Frameworks";
			runOnlyForDeploymentPostprocessing = 0;
		};
/* End PBXCopyFilesBuildPhase section */

/* Begin PBXFileReference section */
		ACB8C35B27A7EF3500BA68E4 /* MathCalculatorDemo.app */ = {isa = PBXFileReference; explicitFileType = wrapper.application; includeInIndex = 0; path = MathCalculatorDemo.app; sourceTree = BUILT_PRODUCTS_DIR; };
		ACB8C35E27A7EF3500BA68E4 /* AppDelegate.swift */ = {isa = PBXFileReference; lastKnownFileType = sourcecode.swift; path = AppDelegate.swift; sourceTree = "<group>"; };
		ACB8C36027A7EF3500BA68E4 /* SceneDelegate.swift */ = {isa = PBXFileReference; lastKnownFileType = sourcecode.swift; path = SceneDelegate.swift; sourceTree = "<group>"; };
		ACB8C36227A7EF3500BA68E4 /* ViewController.swift */ = {isa = PBXFileReference; lastKnownFileType = sourcecode.swift; path = ViewController.swift; sourceTree = "<group>"; };
		ACB8C36527A7EF3500BA68E4 /* Base */ = {isa = PBXFileReference; lastKnownFileType = file.storyboard; name = Base; path = Base.lproj/Main.storyboard; sourceTree = "<group>"; };
		ACB8C36727A7EF3600BA68E4 /* Assets.xcassets */ = {isa = PBXFileReference; lastKnownFileType = folder.assetcatalog; path = Assets.xcassets; sourceTree = "<group>"; };
		ACB8C36A27A7EF3600BA68E4 /* Base */ = {isa = PBXFileReference; lastKnownFileType = file.storyboard; name = Base; path = Base.lproj/LaunchScreen.storyboard; sourceTree = "<group>"; };
		ACB8C36C27A7EF3600BA68E4 /* Info.plist */ = {isa = PBXFileReference; lastKnownFileType = text.plist.xml; path = Info.plist; sourceTree = "<group>"; };
		ACB8C37227A7EF5300BA68E4 /* MathCalculation_sdk.xcodeproj */ = {isa = PBXFileReference; lastKnownFileType = "wrapper.pb-project"; name = MathCalculation_sdk.xcodeproj; path = ../MathCalculation_sdk/MathCalculation_sdk.xcodeproj; sourceTree = "<group>"; };
/* End PBXFileReference section */

/* Begin PBXFrameworksBuildPhase section */
		ACB8C35827A7EF3500BA68E4 /* Frameworks */ = {
			isa = PBXFrameworksBuildPhase;
			buildActionMask = 2147483647;
			files = (
				ACB8C37927A7EFA500BA68E4 /* MathCalculation_sdk.framework in Frameworks */,
			);
			runOnlyForDeploymentPostprocessing = 0;
		};
/* End PBXFrameworksBuildPhase section */

/* Begin PBXGroup section */
		ACB8C35227A7EF3500BA68E4 = {
			isa = PBXGroup;
			children = (
				ACB8C37227A7EF5300BA68E4 /* MathCalculation_sdk.xcodeproj */,
				ACB8C35D27A7EF3500BA68E4 /* MathCalculatorDemo */,
				ACB8C35C27A7EF3500BA68E4 /* Products */,
				ACB8C37827A7EFA500BA68E4 /* Frameworks */,
			);
			sourceTree = "<group>";
		};
		ACB8C35C27A7EF3500BA68E4 /* Products */ = {
			isa = PBXGroup;
			children = (
				ACB8C35B27A7EF3500BA68E4 /* MathCalculatorDemo.app */,
			);
			name = Products;
			sourceTree = "<group>";
		};
		ACB8C35D27A7EF3500BA68E4 /* MathCalculatorDemo */ = {
			isa = PBXGroup;
			children = (
				ACB8C35E27A7EF3500BA68E4 /* AppDelegate.swift */,
				ACB8C36027A7EF3500BA68E4 /* SceneDelegate.swift */,
				ACB8C36227A7EF3500BA68E4 /* ViewController.swift */,
				ACB8C36427A7EF3500BA68E4 /* Main.storyboard */,
				ACB8C36727A7EF3600BA68E4 /* Assets.xcassets */,
				ACB8C36927A7EF3600BA68E4 /* LaunchScreen.storyboard */,
				ACB8C36C27A7EF3600BA68E4 /* Info.plist */,
			);
			path = MathCalculatorDemo;
			sourceTree = "<group>";
		};
		ACB8C37327A7EF5300BA68E4 /* Products */ = {
			isa = PBXGroup;
			children = (
				ACB8C37727A7EF5300BA68E4 /* MathCalculation_sdk.framework */,
			);
			name = Products;
			sourceTree = "<group>";
		};
		ACB8C37827A7EFA500BA68E4 /* Frameworks */ = {
			isa = PBXGroup;
			children = (
			);
			name = Frameworks;
			sourceTree = "<group>";
		};
/* End PBXGroup section */

/* Begin PBXNativeTarget section */
		ACB8C35A27A7EF3500BA68E4 /* MathCalculatorDemo */ = {
			isa = PBXNativeTarget;
			buildConfigurationList = ACB8C36F27A7EF3600BA68E4 /* Build configuration list for PBXNativeTarget "MathCalculatorDemo" */;
			buildPhases = (
				ACB8C35727A7EF3500BA68E4 /* Sources */,
				ACB8C35827A7EF3500BA68E4 /* Frameworks */,
				ACB8C35927A7EF3500BA68E4 /* Resources */,
				ACB8C37B27A7EFA500BA68E4 /* Embed Frameworks */,
			);
			buildRules = (
			);
			dependencies = (
			);
			name = MathCalculatorDemo;
			productName = MathCalculatorDemo;
			productReference = ACB8C35B27A7EF3500BA68E4 /* MathCalculatorDemo.app */;
			productType = "com.apple.product-type.application";
		};
/* End PBXNativeTarget section */

/* Begin PBXProject section */
		ACB8C35327A7EF3500BA68E4 /* Project object */ = {
			isa = PBXProject;
			attributes = {
				BuildIndependentTargetsInParallel = 1;
				LastSwiftUpdateCheck = 1300;
				LastUpgradeCheck = 1300;
				TargetAttributes = {
					ACB8C35A27A7EF3500BA68E4 = {
						CreatedOnToolsVersion = 13.0;
					};
				};
			};
			buildConfigurationList = ACB8C35627A7EF3500BA68E4 /* Build configuration list for PBXProject "MathCalculatorDemo" */;
			compatibilityVersion = "Xcode 13.0";
			developmentRegion = en;
			hasScannedForEncodings = 0;
			knownRegions = (
				en,
				Base,
			);
			mainGroup = ACB8C35227A7EF3500BA68E4;
			productRefGroup = ACB8C35C27A7EF3500BA68E4 /* Products */;
			projectDirPath = "";
			projectReferences = (
				{
					ProductGroup = ACB8C37327A7EF5300BA68E4 /* Products */;
					ProjectRef = ACB8C37227A7EF5300BA68E4 /* MathCalculation_sdk.xcodeproj */;
				},
			);
			projectRoot = "";
			targets = (
				ACB8C35A27A7EF3500BA68E4 /* MathCalculatorDemo */,
			);
		};
/* End PBXProject section */

/* Begin PBXReferenceProxy section */
		ACB8C37727A7EF5300BA68E4 /* MathCalculation_sdk.framework */ = {
			isa = PBXReferenceProxy;
			fileType = wrapper.framework;
			path = MathCalculation_sdk.framework;
			remoteRef = ACB8C37627A7EF5300BA68E4 /* PBXContainerItemProxy */;
			sourceTree = BUILT_PRODUCTS_DIR;
		};
/* End PBXReferenceProxy section */

/* Begin PBXResourcesBuildPhase section */
		ACB8C35927A7EF3500BA68E4 /* Resources */ = {
			isa = PBXResourcesBuildPhase;
			buildActionMask = 2147483647;
			files = (
				ACB8C36B27A7EF3600BA68E4 /* LaunchScreen.storyboard in Resources */,
				ACB8C36827A7EF3600BA68E4 /* Assets.xcassets in Resources */,
				ACB8C36627A7EF3500BA68E4 /* Main.storyboard in Resources */,
			);
			runOnlyForDeploymentPostprocessing = 0;
		};
/* End PBXResourcesBuildPhase section */

/* Begin PBXSourcesBuildPhase section */
		ACB8C35727A7EF3500BA68E4 /* Sources */ = {
			isa = PBXSourcesBuildPhase;
			buildActionMask = 2147483647;
			files = (
				ACB8C36327A7EF3500BA68E4 /* ViewController.swift in Sources */,
				ACB8C35F27A7EF3500BA68E4 /* AppDelegate.swift in Sources */,
				ACB8C36127A7EF3500BA68E4 /* SceneDelegate.swift in Sources */,
			);
			runOnlyForDeploymentPostprocessing = 0;
		};
/* End PBXSourcesBuildPhase section */

/* Begin PBXVariantGroup section */
		ACB8C36427A7EF3500BA68E4 /* Main.storyboard */ = {
			isa = PBXVariantGroup;
			children = (
				ACB8C36527A7EF3500BA68E4 /* Base */,
			);
			name = Main.storyboard;
			sourceTree = "<group>";
		};
		ACB8C36927A7EF3600BA68E4 /* LaunchScreen.storyboard */ = {
			isa = PBXVariantGroup;
			children = (
				ACB8C36A27A7EF3600BA68E4 /* Base */,
			);
			name = LaunchScreen.storyboard;
			sourceTree = "<group>";
		};
/* End PBXVariantGroup section */

/* Begin XCBuildConfiguration section */
		ACB8C36D27A7EF3600BA68E4 /* Debug */ = {
			isa = XCBuildConfiguration;
			buildSettings = {
				ALWAYS_SEARCH_USER_PATHS = NO;
				CLANG_ANALYZER_NONNULL = YES;
				CLANG_ANALYZER_NUMBER_OBJECT_CONVERSION = YES_AGGRESSIVE;
				CLANG_CXX_LANGUAGE_STANDARD = "gnu++17";
				CLANG_CXX_LIBRARY = "libc++";
				CLANG_ENABLE_MODULES = YES;
				CLANG_ENABLE_OBJC_ARC = YES;
				CLANG_ENABLE_OBJC_WEAK = YES;
				CLANG_WARN_BLOCK_CAPTURE_AUTORELEASING = YES;
				CLANG_WARN_BOOL_CONVERSION = YES;
				CLANG_WARN_COMMA = YES;
				CLANG_WARN_CONSTANT_CONVERSION = YES;
				CLANG_WARN_DEPRECATED_OBJC_IMPLEMENTATIONS = YES;
				CLANG_WARN_DIRECT_OBJC_ISA_USAGE = YES_ERROR;
				CLANG_WARN_DOCUMENTATION_COMMENTS = YES;
				CLANG_WARN_EMPTY_BODY = YES;
				CLANG_WARN_ENUM_CONVERSION = YES;
				CLANG_WARN_INFINITE_RECURSION = YES;
				CLANG_WARN_INT_CONVERSION = YES;
				CLANG_WARN_NON_LITERAL_NULL_CONVERSION = YES;
				CLANG_WARN_OBJC_IMPLICIT_RETAIN_SELF = YES;
				CLANG_WARN_OBJC_LITERAL_CONVERSION = YES;
				CLANG_WARN_OBJC_ROOT_CLASS = YES_ERROR;
				CLANG_WARN_QUOTED_INCLUDE_IN_FRAMEWORK_HEADER = YES;
				CLANG_WARN_RANGE_LOOP_ANALYSIS = YES;
				CLANG_WARN_STRICT_PROTOTYPES = YES;
				CLANG_WARN_SUSPICIOUS_MOVE = YES;
				CLANG_WARN_UNGUARDED_AVAILABILITY = YES_AGGRESSIVE;
				CLANG_WARN_UNREACHABLE_CODE = YES;
				CLANG_WARN__DUPLICATE_METHOD_MATCH = YES;
				COPY_PHASE_STRIP = NO;
				DEBUG_INFORMATION_FORMAT = dwarf;
				ENABLE_STRICT_OBJC_MSGSEND = YES;
				ENABLE_TESTABILITY = YES;
				GCC_C_LANGUAGE_STANDARD = gnu11;
				GCC_DYNAMIC_NO_PIC = NO;
				GCC_NO_COMMON_BLOCKS = YES;
				GCC_OPTIMIZATION_LEVEL = 0;
				GCC_PREPROCESSOR_DEFINITIONS = (
					"DEBUG=1",
					"$(inherited)",
				);
				GCC_WARN_64_TO_32_BIT_CONVERSION = YES;
				GCC_WARN_ABOUT_RETURN_TYPE = YES_ERROR;
				GCC_WARN_UNDECLARED_SELECTOR = YES;
				GCC_WARN_UNINITIALIZED_AUTOS = YES_AGGRESSIVE;
				GCC_WARN_UNUSED_FUNCTION = YES;
				GCC_WARN_UNUSED_VARIABLE = YES;
				IPHONEOS_DEPLOYMENT_TARGET = 13.0;
				MTL_ENABLE_DEBUG_INFO = INCLUDE_SOURCE;
				MTL_FAST_MATH = YES;
				ONLY_ACTIVE_ARCH = YES;
				SDKROOT = iphoneos;
				SWIFT_ACTIVE_COMPILATION_CONDITIONS = DEBUG;
				SWIFT_OPTIMIZATION_LEVEL = "-Onone";
			};
			name = Debug;
		};
		ACB8C36E27A7EF3600BA68E4 /* Release */ = {
			isa = XCBuildConfiguration;
			buildSettings = {
				ALWAYS_SEARCH_USER_PATHS = NO;
				CLANG_ANALYZER_NONNULL = YES;
				CLANG_ANALYZER_NUMBER_OBJECT_CONVERSION = YES_AGGRESSIVE;
				CLANG_CXX_LANGUAGE_STANDARD = "gnu++17";
				CLANG_CXX_LIBRARY = "libc++";
				CLANG_ENABLE_MODULES = YES;
				CLANG_ENABLE_OBJC_ARC = YES;
				CLANG_ENABLE_OBJC_WEAK = YES;
				CLANG_WARN_BLOCK_CAPTURE_AUTORELEASING = YES;
				CLANG_WARN_BOOL_CONVERSION = YES;
				CLANG_WARN_COMMA = YES;
				CLANG_WARN_CONSTANT_CONVERSION = YES;
				CLANG_WARN_DEPRECATED_OBJC_IMPLEMENTATIONS = YES;
				CLANG_WARN_DIRECT_OBJC_ISA_USAGE = YES_ERROR;
				CLANG_WARN_DOCUMENTATION_COMMENTS = YES;
				CLANG_WARN_EMPTY_BODY = YES;
				CLANG_WARN_ENUM_CONVERSION = YES;
				CLANG_WARN_INFINITE_RECURSION = YES;
				CLANG_WARN_INT_CONVERSION = YES;
				CLANG_WARN_NON_LITERAL_NULL_CONVERSION = YES;
				CLANG_WARN_OBJC_IMPLICIT_RETAIN_SELF = YES;
				CLANG_WARN_OBJC_LITERAL_CONVERSION = YES;
				CLANG_WARN_OBJC_ROOT_CLASS = YES_ERROR;
				CLANG_WARN_QUOTED_INCLUDE_IN_FRAMEWORK_HEADER = YES;
				CLANG_WARN_RANGE_LOOP_ANALYSIS = YES;
				CLANG_WARN_STRICT_PROTOTYPES = YES;
				CLANG_WARN_SUSPICIOUS_MOVE = YES;
				CLANG_WARN_UNGUARDED_AVAILABILITY = YES_AGGRESSIVE;
				CLANG_WARN_UNREACHABLE_CODE = YES;
				CLANG_WARN__DUPLICATE_METHOD_MATCH = YES;
				COPY_PHASE_STRIP = NO;
				DEBUG_INFORMATION_FORMAT = "dwarf-with-dsym";
				ENABLE_NS_ASSERTIONS = NO;
				ENABLE_STRICT_OBJC_MSGSEND = YES;
				GCC_C_LANGUAGE_STANDARD = gnu11;
				GCC_NO_COMMON_BLOCKS = YES;
				GCC_WARN_64_TO_32_BIT_CONVERSION = YES;
				GCC_WARN_ABOUT_RETURN_TYPE = YES_ERROR;
				GCC_WARN_UNDECLARED_SELECTOR = YES;
				GCC_WARN_UNINITIALIZED_AUTOS = YES_AGGRESSIVE;
				GCC_WARN_UNUSED_FUNCTION = YES;
				GCC_WARN_UNUSED_VARIABLE = YES;
				IPHONEOS_DEPLOYMENT_TARGET = 13.0;
				MTL_ENABLE_DEBUG_INFO = NO;
				MTL_FAST_MATH = YES;
				SDKROOT = iphoneos;
				SWIFT_COMPILATION_MODE = wholemodule;
				SWIFT_OPTIMIZATION_LEVEL = "-O";
				VALIDATE_PRODUCT = YES;
			};
			name = Release;
		};
		ACB8C37027A7EF3600BA68E4 /* Debug */ = {
			isa = XCBuildConfiguration;
			buildSettings = {
				ASSETCATALOG_COMPILER_APPICON_NAME = AppIcon;
				ASSETCATALOG_COMPILER_GLOBAL_ACCENT_COLOR_NAME = AccentColor;
				CODE_SIGN_STYLE = Automatic;
				CURRENT_PROJECT_VERSION = 1;
				GENERATE_INFOPLIST_FILE = YES;
				INFOPLIST_FILE = MathCalculatorDemo/Info.plist;
				INFOPLIST_KEY_UIApplicationSupportsIndirectInputEvents = YES;
				INFOPLIST_KEY_UILaunchStoryboardName = LaunchScreen;
				INFOPLIST_KEY_UIMainStoryboardFile = Main;
				INFOPLIST_KEY_UISupportedInterfaceOrientations_iPad = "UIInterfaceOrientationPortrait UIInterfaceOrientationPortraitUpsideDown UIInterfaceOrientationLandscapeLeft UIInterfaceOrientationLandscapeRight";
				INFOPLIST_KEY_UISupportedInterfaceOrientations_iPhone = "UIInterfaceOrientationPortrait UIInterfaceOrientationLandscapeLeft UIInterfaceOrientationLandscapeRight";
				IPHONEOS_DEPLOYMENT_TARGET = 13.0;
				LD_RUNPATH_SEARCH_PATHS = (
					"$(inherited)",
					"@executable_path/Frameworks",
				);
				MARKETING_VERSION = 1.0;
				PRODUCT_BUNDLE_IDENTIFIER = com.squarebits.MathCalculatorDemo;
				PRODUCT_NAME = "$(TARGET_NAME)";
				SWIFT_EMIT_LOC_STRINGS = YES;
				SWIFT_VERSION = 5.0;
				TARGETED_DEVICE_FAMILY = "1,2";
			};
			name = Debug;
		};
		ACB8C37127A7EF3600BA68E4 /* Release */ = {
			isa = XCBuildConfiguration;
			buildSettings = {
				ASSETCATALOG_COMPILER_APPICON_NAME = AppIcon;
				ASSETCATALOG_COMPILER_GLOBAL_ACCENT_COLOR_NAME = AccentColor;
				CODE_SIGN_STYLE = Automatic;
				CURRENT_PROJECT_VERSION = 1;
				GENERATE_INFOPLIST_FILE = YES;
				INFOPLIST_FILE = MathCalculatorDemo/Info.plist;
				INFOPLIST_KEY_UIApplicationSupportsIndirectInputEvents = YES;
				INFOPLIST_KEY_UILaunchStoryboardName = LaunchScreen;
				INFOPLIST_KEY_UIMainStoryboardFile = Main;
				INFOPLIST_KEY_UISupportedInterfaceOrientations_iPad = "UIInterfaceOrientationPortrait UIInterfaceOrientationPortraitUpsideDown UIInterfaceOrientationLandscapeLeft UIInterfaceOrientationLandscapeRight";
				INFOPLIST_KEY_UISupportedInterfaceOrientations_iPhone = "UIInterfaceOrientationPortrait UIInterfaceOrientationLandscapeLeft UIInterfaceOrientationLandscapeRight";
				IPHONEOS_DEPLOYMENT_TARGET = 13.0;
				LD_RUNPATH_SEARCH_PATHS = (
					"$(inherited)",
					"@executable_path/Frameworks",
				);
				MARKETING_VERSION = 1.0;
				PRODUCT_BUNDLE_IDENTIFIER = com.squarebits.MathCalculatorDemo;
				PRODUCT_NAME = "$(TARGET_NAME)";
				SWIFT_EMIT_LOC_STRINGS = YES;
				SWIFT_VERSION = 5.0;
				TARGETED_DEVICE_FAMILY = "1,2";
			};
			name = Release;
		};
/* End XCBuildConfiguration section */

/* Begin XCConfigurationList section */
		ACB8C35627A7EF3500BA68E4 /* Build configuration list for PBXProject "MathCalculatorDemo" */ = {
			isa = XCConfigurationList;
			buildConfigurations = (
				ACB8C36D27A7EF3600BA68E4 /* Debug */,
				ACB8C36E27A7EF3600BA68E4 /* Release */,
			);
			defaultConfigurationIsVisible = 0;
			defaultConfigurationName = Release;
		};
		ACB8C36F27A7EF3600BA68E4 /* Build configuration list for PBXNativeTarget "MathCalculatorDemo" */ = {
			isa = XCConfigurationList;
			buildConfigurations = (
				ACB8C37027A7EF3600BA68E4 /* Debug */,
				ACB8C37127A7EF3600BA68E4 /* Release */,
			);
			defaultConfigurationIsVisible = 0;
			defaultConfigurationName = Release;
		};
/* End XCConfigurationList section */
	};
	rootObject = ACB8C35327A7EF3500BA68E4 /* Project object */;
}
